dependencies:
  idf:
    component_hash: null
    source:
      type: idf
    version: 5.2.1
  protocol_examples_common:
    component_hash: null
    source:
      path: /home/devasc/esp/esp-idf/examples/common_components/protocol_examples_common
      type: local
    version: '*'
manifest_hash: 98d95fe22ba043067cd4aff08da17b716026033ef2a160d4e23906ae1a871951
target: esp32c3
version: 1.0.0
